
Microsoft Visual Studio Solution File, Format Version 12.00
# Visual Studio 15
VisualStudioVersion = 15.0.28010.2036
MinimumVisualStudioVersion = 10.0.40219.1
Project("{8BC9CEB8-8B4A-11D0-8D11-00A0C91BC942}") = "1_1_A_insert_sort", "1_1_A\1_1_A.vcxproj", "{C5B59C93-AB10-48C7-8D8F-EBAA2DD5EE32}"
EndProject
Project("{8BC9CEB8-8B4A-11D0-8D11-00A0C91BC942}") = "1_1_B_gcd", "1_1_B_gcd\1_1_B_gcd.vcxproj", "{169C955E-C598-4DF9-B380-2F7970D72B64}"
EndProject
Project("{8BC9CEB8-8B4A-11D0-8D11-00A0C91BC942}") = "1_1_C_prime", "1_1_C_prime\1_1_C_prime.vcxproj", "{CEFD6202-C883-4FC8-9668-1396F7C360E2}"
EndProject
Project("{8BC9CEB8-8B4A-11D0-8D11-00A0C91BC942}") = "1_1_D_Maximum_Profit", "1_1_D_Maximum_Profit\1_1_D_Maximum_Profit.vcxproj", "{3BBE3874-C4A6-4E4C-98BB-01C6237F6FE7}"
EndProject
Project("{8BC9CEB8-8B4A-11D0-8D11-00A0C91BC942}") = "1_1_A_BubbleSort", "1_1_A_BubbleSort\1_1_A_BubbleSort.vcxproj", "{18E1520E-6BB2-4656-931A-587441CFCD35}"
EndProject
Project("{8BC9CEB8-8B4A-11D0-8D11-00A0C91BC942}") = "1_1_B_SelectionSort", "1_1_B_SelectionSort\1_1_B_SelectionSort.vcxproj", "{CDB67449-5DE4-4A2D-9F44-C754848DE9FD}"
EndProject
Project("{8BC9CEB8-8B4A-11D0-8D11-00A0C91BC942}") = "ALDS1_2_C_Stable", "ALDS1_2_C\ALDS1_2_C.vcxproj", "{CD02CF04-0F7C-4E0D-A1DA-FE1A7FDF517D}"
EndProject
Project("{8BC9CEB8-8B4A-11D0-8D11-00A0C91BC942}") = "ALDS1_2_D_ShellSort", "ALDS1_2_D_ShellSort\ALDS1_2_D_ShellSort.vcxproj", "{2525B0F6-590B-463C-AA93-AEB0CEBF2D95}"
EndProject
Project("{8BC9CEB8-8B4A-11D0-8D11-00A0C91BC942}") = "1_3_A_Stack", "Project1\Project1.vcxproj", "{D752DF04-B8EA-4893-A2F7-AD85F4377376}"
EndProject
Project("{8BC9CEB8-8B4A-11D0-8D11-00A0C91BC942}") = "1_3_B_Queue", "1_3_B_Queue\1_3_B_Queue.vcxproj", "{FAD8968A-39DB-4DC6-9810-8BA60AEC3714}"
EndProject
Global
	GlobalSection(SolutionConfigurationPlatforms) = preSolution
		Debug|x64 = Debug|x64
		Debug|x86 = Debug|x86
		Release|x64 = Release|x64
		Release|x86 = Release|x86
	EndGlobalSection
	GlobalSection(ProjectConfigurationPlatforms) = postSolution
		{C5B59C93-AB10-48C7-8D8F-EBAA2DD5EE32}.Debug|x64.ActiveCfg = Debug|x64
		{C5B59C93-AB10-48C7-8D8F-EBAA2DD5EE32}.Debug|x64.Build.0 = Debug|x64
		{C5B59C93-AB10-48C7-8D8F-EBAA2DD5EE32}.Debug|x86.ActiveCfg = Debug|Win32
		{C5B59C93-AB10-48C7-8D8F-EBAA2DD5EE32}.Debug|x86.Build.0 = Debug|Win32
		{C5B59C93-AB10-48C7-8D8F-EBAA2DD5EE32}.Release|x64.ActiveCfg = Release|x64
		{C5B59C93-AB10-48C7-8D8F-EBAA2DD5EE32}.Release|x64.Build.0 = Release|x64
		{C5B59C93-AB10-48C7-8D8F-EBAA2DD5EE32}.Release|x86.ActiveCfg = Release|Win32
		{C5B59C93-AB10-48C7-8D8F-EBAA2DD5EE32}.Release|x86.Build.0 = Release|Win32
		{169C955E-C598-4DF9-B380-2F7970D72B64}.Debug|x64.ActiveCfg = Debug|x64
		{169C955E-C598-4DF9-B380-2F7970D72B64}.Debug|x64.Build.0 = Debug|x64
		{169C955E-C598-4DF9-B380-2F7970D72B64}.Debug|x86.ActiveCfg = Debug|Win32
		{169C955E-C598-4DF9-B380-2F7970D72B64}.Debug|x86.Build.0 = Debug|Win32
		{169C955E-C598-4DF9-B380-2F7970D72B64}.Release|x64.ActiveCfg = Release|x64
		{169C955E-C598-4DF9-B380-2F7970D72B64}.Release|x64.Build.0 = Release|x64
		{169C955E-C598-4DF9-B380-2F7970D72B64}.Release|x86.ActiveCfg = Release|Win32
		{169C955E-C598-4DF9-B380-2F7970D72B64}.Release|x86.Build.0 = Release|Win32
		{CEFD6202-C883-4FC8-9668-1396F7C360E2}.Debug|x64.ActiveCfg = Debug|x64
		{CEFD6202-C883-4FC8-9668-1396F7C360E2}.Debug|x64.Build.0 = Debug|x64
		{CEFD6202-C883-4FC8-9668-1396F7C360E2}.Debug|x86.ActiveCfg = Debug|Win32
		{CEFD6202-C883-4FC8-9668-1396F7C360E2}.Debug|x86.Build.0 = Debug|Win32
		{CEFD6202-C883-4FC8-9668-1396F7C360E2}.Release|x64.ActiveCfg = Release|x64
		{CEFD6202-C883-4FC8-9668-1396F7C360E2}.Release|x64.Build.0 = Release|x64
		{CEFD6202-C883-4FC8-9668-1396F7C360E2}.Release|x86.ActiveCfg = Release|Win32
		{CEFD6202-C883-4FC8-9668-1396F7C360E2}.Release|x86.Build.0 = Release|Win32
		{3BBE3874-C4A6-4E4C-98BB-01C6237F6FE7}.Debug|x64.ActiveCfg = Debug|x64
		{3BBE3874-C4A6-4E4C-98BB-01C6237F6FE7}.Debug|x64.Build.0 = Debug|x64
		{3BBE3874-C4A6-4E4C-98BB-01C6237F6FE7}.Debug|x86.ActiveCfg = Debug|Win32
		{3BBE3874-C4A6-4E4C-98BB-01C6237F6FE7}.Debug|x86.Build.0 = Debug|Win32
		{3BBE3874-C4A6-4E4C-98BB-01C6237F6FE7}.Release|x64.ActiveCfg = Release|x64
		{3BBE3874-C4A6-4E4C-98BB-01C6237F6FE7}.Release|x64.Build.0 = Release|x64
		{3BBE3874-C4A6-4E4C-98BB-01C6237F6FE7}.Release|x86.ActiveCfg = Release|Win32
		{3BBE3874-C4A6-4E4C-98BB-01C6237F6FE7}.Release|x86.Build.0 = Release|Win32
		{18E1520E-6BB2-4656-931A-587441CFCD35}.Debug|x64.ActiveCfg = Debug|x64
		{18E1520E-6BB2-4656-931A-587441CFCD35}.Debug|x64.Build.0 = Debug|x64
		{18E1520E-6BB2-4656-931A-587441CFCD35}.Debug|x86.ActiveCfg = Debug|Win32
		{18E1520E-6BB2-4656-931A-587441CFCD35}.Debug|x86.Build.0 = Debug|Win32
		{18E1520E-6BB2-4656-931A-587441CFCD35}.Release|x64.ActiveCfg = Release|x64
		{18E1520E-6BB2-4656-931A-587441CFCD35}.Release|x64.Build.0 = Release|x64
		{18E1520E-6BB2-4656-931A-587441CFCD35}.Release|x86.ActiveCfg = Release|Win32
		{18E1520E-6BB2-4656-931A-587441CFCD35}.Release|x86.Build.0 = Release|Win32
		{CDB67449-5DE4-4A2D-9F44-C754848DE9FD}.Debug|x64.ActiveCfg = Debug|x64
		{CDB67449-5DE4-4A2D-9F44-C754848DE9FD}.Debug|x64.Build.0 = Debug|x64
		{CDB67449-5DE4-4A2D-9F44-C754848DE9FD}.Debug|x86.ActiveCfg = Debug|Win32
		{CDB67449-5DE4-4A2D-9F44-C754848DE9FD}.Debug|x86.Build.0 = Debug|Win32
		{CDB67449-5DE4-4A2D-9F44-C754848DE9FD}.Release|x64.ActiveCfg = Release|x64
		{CDB67449-5DE4-4A2D-9F44-C754848DE9FD}.Release|x64.Build.0 = Release|x64
		{CDB67449-5DE4-4A2D-9F44-C754848DE9FD}.Release|x86.ActiveCfg = Release|Win32
		{CDB67449-5DE4-4A2D-9F44-C754848DE9FD}.Release|x86.Build.0 = Release|Win32
		{CD02CF04-0F7C-4E0D-A1DA-FE1A7FDF517D}.Debug|x64.ActiveCfg = Debug|x64
		{CD02CF04-0F7C-4E0D-A1DA-FE1A7FDF517D}.Debug|x64.Build.0 = Debug|x64
		{CD02CF04-0F7C-4E0D-A1DA-FE1A7FDF517D}.Debug|x86.ActiveCfg = Debug|Win32
		{CD02CF04-0F7C-4E0D-A1DA-FE1A7FDF517D}.Debug|x86.Build.0 = Debug|Win32
		{CD02CF04-0F7C-4E0D-A1DA-FE1A7FDF517D}.Release|x64.ActiveCfg = Release|x64
		{CD02CF04-0F7C-4E0D-A1DA-FE1A7FDF517D}.Release|x64.Build.0 = Release|x64
		{CD02CF04-0F7C-4E0D-A1DA-FE1A7FDF517D}.Release|x86.ActiveCfg = Release|Win32
		{CD02CF04-0F7C-4E0D-A1DA-FE1A7FDF517D}.Release|x86.Build.0 = Release|Win32
		{2525B0F6-590B-463C-AA93-AEB0CEBF2D95}.Debug|x64.ActiveCfg = Debug|x64
		{2525B0F6-590B-463C-AA93-AEB0CEBF2D95}.Debug|x64.Build.0 = Debug|x64
		{2525B0F6-590B-463C-AA93-AEB0CEBF2D95}.Debug|x86.ActiveCfg = Debug|Win32
		{2525B0F6-590B-463C-AA93-AEB0CEBF2D95}.Debug|x86.Build.0 = Debug|Win32
		{2525B0F6-590B-463C-AA93-AEB0CEBF2D95}.Release|x64.ActiveCfg = Release|x64
		{2525B0F6-590B-463C-AA93-AEB0CEBF2D95}.Release|x64.Build.0 = Release|x64
		{2525B0F6-590B-463C-AA93-AEB0CEBF2D95}.Release|x86.ActiveCfg = Release|Win32
		{2525B0F6-590B-463C-AA93-AEB0CEBF2D95}.Release|x86.Build.0 = Release|Win32
		{D752DF04-B8EA-4893-A2F7-AD85F4377376}.Debug|x64.ActiveCfg = Debug|x64
		{D752DF04-B8EA-4893-A2F7-AD85F4377376}.Debug|x64.Build.0 = Debug|x64
		{D752DF04-B8EA-4893-A2F7-AD85F4377376}.Debug|x86.ActiveCfg = Debug|Win32
		{D752DF04-B8EA-4893-A2F7-AD85F4377376}.Debug|x86.Build.0 = Debug|Win32
		{D752DF04-B8EA-4893-A2F7-AD85F4377376}.Release|x64.ActiveCfg = Release|x64
		{D752DF04-B8EA-4893-A2F7-AD85F4377376}.Release|x64.Build.0 = Release|x64
		{D752DF04-B8EA-4893-A2F7-AD85F4377376}.Release|x86.ActiveCfg = Release|Win32
		{D752DF04-B8EA-4893-A2F7-AD85F4377376}.Release|x86.Build.0 = Release|Win32
		{FAD8968A-39DB-4DC6-9810-8BA60AEC3714}.Debug|x64.ActiveCfg = Debug|x64
		{FAD8968A-39DB-4DC6-9810-8BA60AEC3714}.Debug|x64.Build.0 = Debug|x64
		{FAD8968A-39DB-4DC6-9810-8BA60AEC3714}.Debug|x86.ActiveCfg = Debug|Win32
		{FAD8968A-39DB-4DC6-9810-8BA60AEC3714}.Debug|x86.Build.0 = Debug|Win32
		{FAD8968A-39DB-4DC6-9810-8BA60AEC3714}.Release|x64.ActiveCfg = Release|x64
		{FAD8968A-39DB-4DC6-9810-8BA60AEC3714}.Release|x64.Build.0 = Release|x64
		{FAD8968A-39DB-4DC6-9810-8BA60AEC3714}.Release|x86.ActiveCfg = Release|Win32
		{FAD8968A-39DB-4DC6-9810-8BA60AEC3714}.Release|x86.Build.0 = Release|Win32
	EndGlobalSection
	GlobalSection(SolutionProperties) = preSolution
		HideSolutionNode = FALSE
	EndGlobalSection
	GlobalSection(ExtensibilityGlobals) = postSolution
		SolutionGuid = {6074EB23-D259-4ADF-9CE2-2089E7B73346}
	EndGlobalSection
EndGlobal
