
Microsoft Visual Studio Solution File, Format Version 12.00
# Visual Studio 15
VisualStudioVersion = 15.0.28010.2036
MinimumVisualStudioVersion = 10.0.40219.1
Project("{8BC9CEB8-8B4A-11D0-8D11-00A0C91BC942}") = "1_1_A_insert_sort", "1_1_A\1_1_A.vcxproj", "{C5B59C93-AB10-48C7-8D8F-EBAA2DD5EE32}"
EndProject
Project("{8BC9CEB8-8B4A-11D0-8D11-00A0C91BC942}") = "1_1_B_gcd", "1_1_B_gcd\1_1_B_gcd.vcxproj", "{169C955E-C598-4DF9-B380-2F7970D72B64}"
EndProject
Project("{8BC9CEB8-8B4A-11D0-8D11-00A0C91BC942}") = "1_1_C_prime", "1_1_C_prime\1_1_C_prime.vcxproj", "{CEFD6202-C883-4FC8-9668-1396F7C360E2}"
EndProject
Project("{8BC9CEB8-8B4A-11D0-8D11-00A0C91BC942}") = "1_1_D_Maximum_Profit", "1_1_D_Maximum_Profit\1_1_D_Maximum_Profit.vcxproj", "{3BBE3874-C4A6-4E4C-98BB-01C6237F6FE7}"
EndProject
Project("{8BC9CEB8-8B4A-11D0-8D11-00A0C91BC942}") = "1_2_A_BubbleSort", "1_1_A_BubbleSort\1_1_A_BubbleSort.vcxproj", "{18E1520E-6BB2-4656-931A-587441CFCD35}"
EndProject
Project("{8BC9CEB8-8B4A-11D0-8D11-00A0C91BC942}") = "1_2_B_SelectionSort", "1_1_B_SelectionSort\1_1_B_SelectionSort.vcxproj", "{CDB67449-5DE4-4A2D-9F44-C754848DE9FD}"
EndProject
Project("{8BC9CEB8-8B4A-11D0-8D11-00A0C91BC942}") = "1_2_C_Stable", "ALDS1_2_C\ALDS1_2_C.vcxproj", "{CD02CF04-0F7C-4E0D-A1DA-FE1A7FDF517D}"
EndProject
Project("{8BC9CEB8-8B4A-11D0-8D11-00A0C91BC942}") = "1_2_D_ShellSort_TODO", "ALDS1_2_D_ShellSort\ALDS1_2_D_ShellSort.vcxproj", "{2525B0F6-590B-463C-AA93-AEB0CEBF2D95}"
EndProject
Project("{8BC9CEB8-8B4A-11D0-8D11-00A0C91BC942}") = "1_3_A_Stack", "Project1\Project1.vcxproj", "{D752DF04-B8EA-4893-A2F7-AD85F4377376}"
EndProject
Project("{8BC9CEB8-8B4A-11D0-8D11-00A0C91BC942}") = "1_3_B_Queue", "1_3_B_Queue\1_3_B_Queue.vcxproj", "{FAD8968A-39DB-4DC6-9810-8BA60AEC3714}"
EndProject
Project("{8BC9CEB8-8B4A-11D0-8D11-00A0C91BC942}") = "1_3_C_DoubleLinkedList_TODO", "1_3_C_DoubleLinkedList\1_3_C_DoubleLinkedList.vcxproj", "{BE2751DB-5552-42F8-86F2-E504AC478F0C}"
EndProject
Project("{8BC9CEB8-8B4A-11D0-8D11-00A0C91BC942}") = "1_3_D_Areas_on_the_Cross-Section_Diagram", "1_3_D_Areas_on_the_Cross-Section_Diagram\1_3_D_Areas_on_the_Cross-Section_Diagram.vcxproj", "{AD64DCFA-97E6-45DF-8ABB-C2E901B46DAC}"
EndProject
Project("{8BC9CEB8-8B4A-11D0-8D11-00A0C91BC942}") = "1_4_A_LinearSearch", "ALDS1_4_A_LinearSearch\ALDS1_4_A_LinearSearch.vcxproj", "{DD765D5B-2577-4958-9C70-21495E206F3F}"
EndProject
Project("{8BC9CEB8-8B4A-11D0-8D11-00A0C91BC942}") = "1_4_B_Binary Search", "1_4_B_Binary Search\1_4_B_Binary Search.vcxproj", "{1FE088AF-B060-4B3C-A783-1F63F5CD334A}"
EndProject
Project("{8BC9CEB8-8B4A-11D0-8D11-00A0C91BC942}") = "1_4_C_Dictionary", "1_4_C_Dictionary\1_4_C_Dictionary.vcxproj", "{E903D020-56AF-4249-A8A0-19B428B2608A}"
EndProject
Project("{2150E333-8FDC-42A3-9474-1A3956D46DE8}") = "1_1", "1_1", "{5D55A415-060A-4952-9619-3CCD3C36A6F2}"
EndProject
Project("{2150E333-8FDC-42A3-9474-1A3956D46DE8}") = "1_2", "1_2", "{3FEB0BA3-2E70-4296-A27C-88EB749727B2}"
EndProject
Project("{2150E333-8FDC-42A3-9474-1A3956D46DE8}") = "1_3", "1_3", "{2E4B76BB-7BDF-408B-8604-2B157C02914E}"
EndProject
Project("{2150E333-8FDC-42A3-9474-1A3956D46DE8}") = "1_4", "1_4", "{1E589E7C-4FF2-4AEE-BAD9-1B1AA5DA3535}"
EndProject
Project("{2150E333-8FDC-42A3-9474-1A3956D46DE8}") = "1_5", "1_5", "{316D4FA9-95AC-4C44-976A-55C78C5FBB6E}"
EndProject
Project("{8BC9CEB8-8B4A-11D0-8D11-00A0C91BC942}") = "1_5_A", "1_5_A\1_5_A.vcxproj", "{D593E071-0C1E-4C7C-A074-0F2ED9DF7B02}"
EndProject
Project("{8BC9CEB8-8B4A-11D0-8D11-00A0C91BC942}") = "1_5_B", "1_5_B\1_5_B.vcxproj", "{C10D1418-ADD9-4FFD-9364-0AF0227F8022}"
EndProject
Project("{8BC9CEB8-8B4A-11D0-8D11-00A0C91BC942}") = "1_5_C", "1_5_C\1_5_C.vcxproj", "{35F8A5D9-7878-4531-AE0E-C86DCE06B167}"
EndProject
Project("{8BC9CEB8-8B4A-11D0-8D11-00A0C91BC942}") = "1_5_D", "1_5_D\1_5_D.vcxproj", "{3AA822CC-D2F5-4FF0-B39B-6A8E9DB8E66D}"
EndProject
Project("{8BC9CEB8-8B4A-11D0-8D11-00A0C91BC942}") = "queen", "queen\queen.vcxproj", "{71A31855-6935-409B-8005-546753B386AC}"
EndProject
Project("{2150E333-8FDC-42A3-9474-1A3956D46DE8}") = "1_8", "1_8", "{1CF0DEA7-E853-4C10-A7B6-4AFB5EEDB02A}"
EndProject
Project("{8BC9CEB8-8B4A-11D0-8D11-00A0C91BC942}") = "1_5_A_8queen", "8queen\8queen.vcxproj", "{1461F7EB-CAD7-41F5-BB01-D26165E2831F}"
EndProject
Project("{2150E333-8FDC-42A3-9474-1A3956D46DE8}") = "Other", "Other", "{82D72B64-E9E3-4FE5-A32F-5735CFA5AA0B}"
EndProject
Project("{8BC9CEB8-8B4A-11D0-8D11-00A0C91BC942}") = "longest_increasing_sequence", "longest_increasing_sequence\longest_increasing_sequence.vcxproj", "{03CF799D-410F-4B22-9F38-C1F222FBC8DA}"
EndProject
Project("{2150E333-8FDC-42A3-9474-1A3956D46DE8}") = "1_7", "1_7", "{1E684059-C7A0-4956-8878-C76CCA4B5F80}"
EndProject
Project("{8BC9CEB8-8B4A-11D0-8D11-00A0C91BC942}") = "1_7_A_rooted_tree", "1_7_A_rooted_tree\1_7_A_rooted_tree.vcxproj", "{B5763107-FF11-47AE-9E56-6B3136D02BC4}"
EndProject
Global
	GlobalSection(SolutionConfigurationPlatforms) = preSolution
		Debug|x64 = Debug|x64
		Debug|x86 = Debug|x86
		Release|x64 = Release|x64
		Release|x86 = Release|x86
	EndGlobalSection
	GlobalSection(ProjectConfigurationPlatforms) = postSolution
		{C5B59C93-AB10-48C7-8D8F-EBAA2DD5EE32}.Debug|x64.ActiveCfg = Debug|x64
		{C5B59C93-AB10-48C7-8D8F-EBAA2DD5EE32}.Debug|x64.Build.0 = Debug|x64
		{C5B59C93-AB10-48C7-8D8F-EBAA2DD5EE32}.Debug|x86.ActiveCfg = Debug|Win32
		{C5B59C93-AB10-48C7-8D8F-EBAA2DD5EE32}.Debug|x86.Build.0 = Debug|Win32
		{C5B59C93-AB10-48C7-8D8F-EBAA2DD5EE32}.Release|x64.ActiveCfg = Release|x64
		{C5B59C93-AB10-48C7-8D8F-EBAA2DD5EE32}.Release|x64.Build.0 = Release|x64
		{C5B59C93-AB10-48C7-8D8F-EBAA2DD5EE32}.Release|x86.ActiveCfg = Release|Win32
		{C5B59C93-AB10-48C7-8D8F-EBAA2DD5EE32}.Release|x86.Build.0 = Release|Win32
		{169C955E-C598-4DF9-B380-2F7970D72B64}.Debug|x64.ActiveCfg = Debug|x64
		{169C955E-C598-4DF9-B380-2F7970D72B64}.Debug|x64.Build.0 = Debug|x64
		{169C955E-C598-4DF9-B380-2F7970D72B64}.Debug|x86.ActiveCfg = Debug|Win32
		{169C955E-C598-4DF9-B380-2F7970D72B64}.Debug|x86.Build.0 = Debug|Win32
		{169C955E-C598-4DF9-B380-2F7970D72B64}.Release|x64.ActiveCfg = Release|x64
		{169C955E-C598-4DF9-B380-2F7970D72B64}.Release|x64.Build.0 = Release|x64
		{169C955E-C598-4DF9-B380-2F7970D72B64}.Release|x86.ActiveCfg = Release|Win32
		{169C955E-C598-4DF9-B380-2F7970D72B64}.Release|x86.Build.0 = Release|Win32
		{CEFD6202-C883-4FC8-9668-1396F7C360E2}.Debug|x64.ActiveCfg = Debug|x64
		{CEFD6202-C883-4FC8-9668-1396F7C360E2}.Debug|x64.Build.0 = Debug|x64
		{CEFD6202-C883-4FC8-9668-1396F7C360E2}.Debug|x86.ActiveCfg = Debug|Win32
		{CEFD6202-C883-4FC8-9668-1396F7C360E2}.Debug|x86.Build.0 = Debug|Win32
		{CEFD6202-C883-4FC8-9668-1396F7C360E2}.Release|x64.ActiveCfg = Release|x64
		{CEFD6202-C883-4FC8-9668-1396F7C360E2}.Release|x64.Build.0 = Release|x64
		{CEFD6202-C883-4FC8-9668-1396F7C360E2}.Release|x86.ActiveCfg = Release|Win32
		{CEFD6202-C883-4FC8-9668-1396F7C360E2}.Release|x86.Build.0 = Release|Win32
		{3BBE3874-C4A6-4E4C-98BB-01C6237F6FE7}.Debug|x64.ActiveCfg = Debug|x64
		{3BBE3874-C4A6-4E4C-98BB-01C6237F6FE7}.Debug|x64.Build.0 = Debug|x64
		{3BBE3874-C4A6-4E4C-98BB-01C6237F6FE7}.Debug|x86.ActiveCfg = Debug|Win32
		{3BBE3874-C4A6-4E4C-98BB-01C6237F6FE7}.Debug|x86.Build.0 = Debug|Win32
		{3BBE3874-C4A6-4E4C-98BB-01C6237F6FE7}.Release|x64.ActiveCfg = Release|x64
		{3BBE3874-C4A6-4E4C-98BB-01C6237F6FE7}.Release|x64.Build.0 = Release|x64
		{3BBE3874-C4A6-4E4C-98BB-01C6237F6FE7}.Release|x86.ActiveCfg = Release|Win32
		{3BBE3874-C4A6-4E4C-98BB-01C6237F6FE7}.Release|x86.Build.0 = Release|Win32
		{18E1520E-6BB2-4656-931A-587441CFCD35}.Debug|x64.ActiveCfg = Debug|x64
		{18E1520E-6BB2-4656-931A-587441CFCD35}.Debug|x64.Build.0 = Debug|x64
		{18E1520E-6BB2-4656-931A-587441CFCD35}.Debug|x86.ActiveCfg = Debug|Win32
		{18E1520E-6BB2-4656-931A-587441CFCD35}.Debug|x86.Build.0 = Debug|Win32
		{18E1520E-6BB2-4656-931A-587441CFCD35}.Release|x64.ActiveCfg = Release|x64
		{18E1520E-6BB2-4656-931A-587441CFCD35}.Release|x64.Build.0 = Release|x64
		{18E1520E-6BB2-4656-931A-587441CFCD35}.Release|x86.ActiveCfg = Release|Win32
		{18E1520E-6BB2-4656-931A-587441CFCD35}.Release|x86.Build.0 = Release|Win32
		{CDB67449-5DE4-4A2D-9F44-C754848DE9FD}.Debug|x64.ActiveCfg = Debug|x64
		{CDB67449-5DE4-4A2D-9F44-C754848DE9FD}.Debug|x64.Build.0 = Debug|x64
		{CDB67449-5DE4-4A2D-9F44-C754848DE9FD}.Debug|x86.ActiveCfg = Debug|Win32
		{CDB67449-5DE4-4A2D-9F44-C754848DE9FD}.Debug|x86.Build.0 = Debug|Win32
		{CDB67449-5DE4-4A2D-9F44-C754848DE9FD}.Release|x64.ActiveCfg = Release|x64
		{CDB67449-5DE4-4A2D-9F44-C754848DE9FD}.Release|x64.Build.0 = Release|x64
		{CDB67449-5DE4-4A2D-9F44-C754848DE9FD}.Release|x86.ActiveCfg = Release|Win32
		{CDB67449-5DE4-4A2D-9F44-C754848DE9FD}.Release|x86.Build.0 = Release|Win32
		{CD02CF04-0F7C-4E0D-A1DA-FE1A7FDF517D}.Debug|x64.ActiveCfg = Debug|x64
		{CD02CF04-0F7C-4E0D-A1DA-FE1A7FDF517D}.Debug|x64.Build.0 = Debug|x64
		{CD02CF04-0F7C-4E0D-A1DA-FE1A7FDF517D}.Debug|x86.ActiveCfg = Debug|Win32
		{CD02CF04-0F7C-4E0D-A1DA-FE1A7FDF517D}.Debug|x86.Build.0 = Debug|Win32
		{CD02CF04-0F7C-4E0D-A1DA-FE1A7FDF517D}.Release|x64.ActiveCfg = Release|x64
		{CD02CF04-0F7C-4E0D-A1DA-FE1A7FDF517D}.Release|x64.Build.0 = Release|x64
		{CD02CF04-0F7C-4E0D-A1DA-FE1A7FDF517D}.Release|x86.ActiveCfg = Release|Win32
		{CD02CF04-0F7C-4E0D-A1DA-FE1A7FDF517D}.Release|x86.Build.0 = Release|Win32
		{2525B0F6-590B-463C-AA93-AEB0CEBF2D95}.Debug|x64.ActiveCfg = Debug|x64
		{2525B0F6-590B-463C-AA93-AEB0CEBF2D95}.Debug|x64.Build.0 = Debug|x64
		{2525B0F6-590B-463C-AA93-AEB0CEBF2D95}.Debug|x86.ActiveCfg = Debug|Win32
		{2525B0F6-590B-463C-AA93-AEB0CEBF2D95}.Debug|x86.Build.0 = Debug|Win32
		{2525B0F6-590B-463C-AA93-AEB0CEBF2D95}.Release|x64.ActiveCfg = Release|x64
		{2525B0F6-590B-463C-AA93-AEB0CEBF2D95}.Release|x64.Build.0 = Release|x64
		{2525B0F6-590B-463C-AA93-AEB0CEBF2D95}.Release|x86.ActiveCfg = Release|Win32
		{2525B0F6-590B-463C-AA93-AEB0CEBF2D95}.Release|x86.Build.0 = Release|Win32
		{D752DF04-B8EA-4893-A2F7-AD85F4377376}.Debug|x64.ActiveCfg = Debug|x64
		{D752DF04-B8EA-4893-A2F7-AD85F4377376}.Debug|x64.Build.0 = Debug|x64
		{D752DF04-B8EA-4893-A2F7-AD85F4377376}.Debug|x86.ActiveCfg = Debug|Win32
		{D752DF04-B8EA-4893-A2F7-AD85F4377376}.Debug|x86.Build.0 = Debug|Win32
		{D752DF04-B8EA-4893-A2F7-AD85F4377376}.Release|x64.ActiveCfg = Release|x64
		{D752DF04-B8EA-4893-A2F7-AD85F4377376}.Release|x64.Build.0 = Release|x64
		{D752DF04-B8EA-4893-A2F7-AD85F4377376}.Release|x86.ActiveCfg = Release|Win32
		{D752DF04-B8EA-4893-A2F7-AD85F4377376}.Release|x86.Build.0 = Release|Win32
		{FAD8968A-39DB-4DC6-9810-8BA60AEC3714}.Debug|x64.ActiveCfg = Debug|x64
		{FAD8968A-39DB-4DC6-9810-8BA60AEC3714}.Debug|x64.Build.0 = Debug|x64
		{FAD8968A-39DB-4DC6-9810-8BA60AEC3714}.Debug|x86.ActiveCfg = Debug|Win32
		{FAD8968A-39DB-4DC6-9810-8BA60AEC3714}.Debug|x86.Build.0 = Debug|Win32
		{FAD8968A-39DB-4DC6-9810-8BA60AEC3714}.Release|x64.ActiveCfg = Release|x64
		{FAD8968A-39DB-4DC6-9810-8BA60AEC3714}.Release|x64.Build.0 = Release|x64
		{FAD8968A-39DB-4DC6-9810-8BA60AEC3714}.Release|x86.ActiveCfg = Release|Win32
		{FAD8968A-39DB-4DC6-9810-8BA60AEC3714}.Release|x86.Build.0 = Release|Win32
		{BE2751DB-5552-42F8-86F2-E504AC478F0C}.Debug|x64.ActiveCfg = Debug|x64
		{BE2751DB-5552-42F8-86F2-E504AC478F0C}.Debug|x64.Build.0 = Debug|x64
		{BE2751DB-5552-42F8-86F2-E504AC478F0C}.Debug|x86.ActiveCfg = Debug|Win32
		{BE2751DB-5552-42F8-86F2-E504AC478F0C}.Debug|x86.Build.0 = Debug|Win32
		{BE2751DB-5552-42F8-86F2-E504AC478F0C}.Release|x64.ActiveCfg = Release|x64
		{BE2751DB-5552-42F8-86F2-E504AC478F0C}.Release|x64.Build.0 = Release|x64
		{BE2751DB-5552-42F8-86F2-E504AC478F0C}.Release|x86.ActiveCfg = Release|Win32
		{BE2751DB-5552-42F8-86F2-E504AC478F0C}.Release|x86.Build.0 = Release|Win32
		{AD64DCFA-97E6-45DF-8ABB-C2E901B46DAC}.Debug|x64.ActiveCfg = Debug|x64
		{AD64DCFA-97E6-45DF-8ABB-C2E901B46DAC}.Debug|x64.Build.0 = Debug|x64
		{AD64DCFA-97E6-45DF-8ABB-C2E901B46DAC}.Debug|x86.ActiveCfg = Debug|Win32
		{AD64DCFA-97E6-45DF-8ABB-C2E901B46DAC}.Debug|x86.Build.0 = Debug|Win32
		{AD64DCFA-97E6-45DF-8ABB-C2E901B46DAC}.Release|x64.ActiveCfg = Release|x64
		{AD64DCFA-97E6-45DF-8ABB-C2E901B46DAC}.Release|x64.Build.0 = Release|x64
		{AD64DCFA-97E6-45DF-8ABB-C2E901B46DAC}.Release|x86.ActiveCfg = Release|Win32
		{AD64DCFA-97E6-45DF-8ABB-C2E901B46DAC}.Release|x86.Build.0 = Release|Win32
		{DD765D5B-2577-4958-9C70-21495E206F3F}.Debug|x64.ActiveCfg = Debug|x64
		{DD765D5B-2577-4958-9C70-21495E206F3F}.Debug|x64.Build.0 = Debug|x64
		{DD765D5B-2577-4958-9C70-21495E206F3F}.Debug|x86.ActiveCfg = Debug|Win32
		{DD765D5B-2577-4958-9C70-21495E206F3F}.Debug|x86.Build.0 = Debug|Win32
		{DD765D5B-2577-4958-9C70-21495E206F3F}.Release|x64.ActiveCfg = Release|x64
		{DD765D5B-2577-4958-9C70-21495E206F3F}.Release|x64.Build.0 = Release|x64
		{DD765D5B-2577-4958-9C70-21495E206F3F}.Release|x86.ActiveCfg = Release|Win32
		{DD765D5B-2577-4958-9C70-21495E206F3F}.Release|x86.Build.0 = Release|Win32
		{1FE088AF-B060-4B3C-A783-1F63F5CD334A}.Debug|x64.ActiveCfg = Debug|x64
		{1FE088AF-B060-4B3C-A783-1F63F5CD334A}.Debug|x64.Build.0 = Debug|x64
		{1FE088AF-B060-4B3C-A783-1F63F5CD334A}.Debug|x86.ActiveCfg = Debug|Win32
		{1FE088AF-B060-4B3C-A783-1F63F5CD334A}.Debug|x86.Build.0 = Debug|Win32
		{1FE088AF-B060-4B3C-A783-1F63F5CD334A}.Release|x64.ActiveCfg = Release|x64
		{1FE088AF-B060-4B3C-A783-1F63F5CD334A}.Release|x64.Build.0 = Release|x64
		{1FE088AF-B060-4B3C-A783-1F63F5CD334A}.Release|x86.ActiveCfg = Release|Win32
		{1FE088AF-B060-4B3C-A783-1F63F5CD334A}.Release|x86.Build.0 = Release|Win32
		{E903D020-56AF-4249-A8A0-19B428B2608A}.Debug|x64.ActiveCfg = Debug|x64
		{E903D020-56AF-4249-A8A0-19B428B2608A}.Debug|x64.Build.0 = Debug|x64
		{E903D020-56AF-4249-A8A0-19B428B2608A}.Debug|x86.ActiveCfg = Debug|Win32
		{E903D020-56AF-4249-A8A0-19B428B2608A}.Debug|x86.Build.0 = Debug|Win32
		{E903D020-56AF-4249-A8A0-19B428B2608A}.Release|x64.ActiveCfg = Release|x64
		{E903D020-56AF-4249-A8A0-19B428B2608A}.Release|x64.Build.0 = Release|x64
		{E903D020-56AF-4249-A8A0-19B428B2608A}.Release|x86.ActiveCfg = Release|Win32
		{E903D020-56AF-4249-A8A0-19B428B2608A}.Release|x86.Build.0 = Release|Win32
		{D593E071-0C1E-4C7C-A074-0F2ED9DF7B02}.Debug|x64.ActiveCfg = Debug|x64
		{D593E071-0C1E-4C7C-A074-0F2ED9DF7B02}.Debug|x64.Build.0 = Debug|x64
		{D593E071-0C1E-4C7C-A074-0F2ED9DF7B02}.Debug|x86.ActiveCfg = Debug|Win32
		{D593E071-0C1E-4C7C-A074-0F2ED9DF7B02}.Debug|x86.Build.0 = Debug|Win32
		{D593E071-0C1E-4C7C-A074-0F2ED9DF7B02}.Release|x64.ActiveCfg = Release|x64
		{D593E071-0C1E-4C7C-A074-0F2ED9DF7B02}.Release|x64.Build.0 = Release|x64
		{D593E071-0C1E-4C7C-A074-0F2ED9DF7B02}.Release|x86.ActiveCfg = Release|Win32
		{D593E071-0C1E-4C7C-A074-0F2ED9DF7B02}.Release|x86.Build.0 = Release|Win32
		{C10D1418-ADD9-4FFD-9364-0AF0227F8022}.Debug|x64.ActiveCfg = Debug|x64
		{C10D1418-ADD9-4FFD-9364-0AF0227F8022}.Debug|x64.Build.0 = Debug|x64
		{C10D1418-ADD9-4FFD-9364-0AF0227F8022}.Debug|x86.ActiveCfg = Debug|Win32
		{C10D1418-ADD9-4FFD-9364-0AF0227F8022}.Debug|x86.Build.0 = Debug|Win32
		{C10D1418-ADD9-4FFD-9364-0AF0227F8022}.Release|x64.ActiveCfg = Release|x64
		{C10D1418-ADD9-4FFD-9364-0AF0227F8022}.Release|x64.Build.0 = Release|x64
		{C10D1418-ADD9-4FFD-9364-0AF0227F8022}.Release|x86.ActiveCfg = Release|Win32
		{C10D1418-ADD9-4FFD-9364-0AF0227F8022}.Release|x86.Build.0 = Release|Win32
		{35F8A5D9-7878-4531-AE0E-C86DCE06B167}.Debug|x64.ActiveCfg = Debug|x64
		{35F8A5D9-7878-4531-AE0E-C86DCE06B167}.Debug|x64.Build.0 = Debug|x64
		{35F8A5D9-7878-4531-AE0E-C86DCE06B167}.Debug|x86.ActiveCfg = Debug|Win32
		{35F8A5D9-7878-4531-AE0E-C86DCE06B167}.Debug|x86.Build.0 = Debug|Win32
		{35F8A5D9-7878-4531-AE0E-C86DCE06B167}.Release|x64.ActiveCfg = Release|x64
		{35F8A5D9-7878-4531-AE0E-C86DCE06B167}.Release|x64.Build.0 = Release|x64
		{35F8A5D9-7878-4531-AE0E-C86DCE06B167}.Release|x86.ActiveCfg = Release|Win32
		{35F8A5D9-7878-4531-AE0E-C86DCE06B167}.Release|x86.Build.0 = Release|Win32
		{3AA822CC-D2F5-4FF0-B39B-6A8E9DB8E66D}.Debug|x64.ActiveCfg = Debug|x64
		{3AA822CC-D2F5-4FF0-B39B-6A8E9DB8E66D}.Debug|x64.Build.0 = Debug|x64
		{3AA822CC-D2F5-4FF0-B39B-6A8E9DB8E66D}.Debug|x86.ActiveCfg = Debug|Win32
		{3AA822CC-D2F5-4FF0-B39B-6A8E9DB8E66D}.Debug|x86.Build.0 = Debug|Win32
		{3AA822CC-D2F5-4FF0-B39B-6A8E9DB8E66D}.Release|x64.ActiveCfg = Release|x64
		{3AA822CC-D2F5-4FF0-B39B-6A8E9DB8E66D}.Release|x64.Build.0 = Release|x64
		{3AA822CC-D2F5-4FF0-B39B-6A8E9DB8E66D}.Release|x86.ActiveCfg = Release|Win32
		{3AA822CC-D2F5-4FF0-B39B-6A8E9DB8E66D}.Release|x86.Build.0 = Release|Win32
		{71A31855-6935-409B-8005-546753B386AC}.Debug|x64.ActiveCfg = Debug|x64
		{71A31855-6935-409B-8005-546753B386AC}.Debug|x64.Build.0 = Debug|x64
		{71A31855-6935-409B-8005-546753B386AC}.Debug|x86.ActiveCfg = Debug|Win32
		{71A31855-6935-409B-8005-546753B386AC}.Debug|x86.Build.0 = Debug|Win32
		{71A31855-6935-409B-8005-546753B386AC}.Release|x64.ActiveCfg = Release|x64
		{71A31855-6935-409B-8005-546753B386AC}.Release|x64.Build.0 = Release|x64
		{71A31855-6935-409B-8005-546753B386AC}.Release|x86.ActiveCfg = Release|Win32
		{71A31855-6935-409B-8005-546753B386AC}.Release|x86.Build.0 = Release|Win32
		{1461F7EB-CAD7-41F5-BB01-D26165E2831F}.Debug|x64.ActiveCfg = Debug|x64
		{1461F7EB-CAD7-41F5-BB01-D26165E2831F}.Debug|x64.Build.0 = Debug|x64
		{1461F7EB-CAD7-41F5-BB01-D26165E2831F}.Debug|x86.ActiveCfg = Debug|Win32
		{1461F7EB-CAD7-41F5-BB01-D26165E2831F}.Debug|x86.Build.0 = Debug|Win32
		{1461F7EB-CAD7-41F5-BB01-D26165E2831F}.Release|x64.ActiveCfg = Release|x64
		{1461F7EB-CAD7-41F5-BB01-D26165E2831F}.Release|x64.Build.0 = Release|x64
		{1461F7EB-CAD7-41F5-BB01-D26165E2831F}.Release|x86.ActiveCfg = Release|Win32
		{1461F7EB-CAD7-41F5-BB01-D26165E2831F}.Release|x86.Build.0 = Release|Win32
		{03CF799D-410F-4B22-9F38-C1F222FBC8DA}.Debug|x64.ActiveCfg = Debug|x64
		{03CF799D-410F-4B22-9F38-C1F222FBC8DA}.Debug|x64.Build.0 = Debug|x64
		{03CF799D-410F-4B22-9F38-C1F222FBC8DA}.Debug|x86.ActiveCfg = Debug|Win32
		{03CF799D-410F-4B22-9F38-C1F222FBC8DA}.Debug|x86.Build.0 = Debug|Win32
		{03CF799D-410F-4B22-9F38-C1F222FBC8DA}.Release|x64.ActiveCfg = Release|x64
		{03CF799D-410F-4B22-9F38-C1F222FBC8DA}.Release|x64.Build.0 = Release|x64
		{03CF799D-410F-4B22-9F38-C1F222FBC8DA}.Release|x86.ActiveCfg = Release|Win32
		{03CF799D-410F-4B22-9F38-C1F222FBC8DA}.Release|x86.Build.0 = Release|Win32
		{B5763107-FF11-47AE-9E56-6B3136D02BC4}.Debug|x64.ActiveCfg = Debug|x64
		{B5763107-FF11-47AE-9E56-6B3136D02BC4}.Debug|x64.Build.0 = Debug|x64
		{B5763107-FF11-47AE-9E56-6B3136D02BC4}.Debug|x86.ActiveCfg = Debug|Win32
		{B5763107-FF11-47AE-9E56-6B3136D02BC4}.Debug|x86.Build.0 = Debug|Win32
		{B5763107-FF11-47AE-9E56-6B3136D02BC4}.Release|x64.ActiveCfg = Release|x64
		{B5763107-FF11-47AE-9E56-6B3136D02BC4}.Release|x64.Build.0 = Release|x64
		{B5763107-FF11-47AE-9E56-6B3136D02BC4}.Release|x86.ActiveCfg = Release|Win32
		{B5763107-FF11-47AE-9E56-6B3136D02BC4}.Release|x86.Build.0 = Release|Win32
	EndGlobalSection
	GlobalSection(SolutionProperties) = preSolution
		HideSolutionNode = FALSE
	EndGlobalSection
	GlobalSection(NestedProjects) = preSolution
		{C5B59C93-AB10-48C7-8D8F-EBAA2DD5EE32} = {5D55A415-060A-4952-9619-3CCD3C36A6F2}
		{169C955E-C598-4DF9-B380-2F7970D72B64} = {5D55A415-060A-4952-9619-3CCD3C36A6F2}
		{CEFD6202-C883-4FC8-9668-1396F7C360E2} = {5D55A415-060A-4952-9619-3CCD3C36A6F2}
		{3BBE3874-C4A6-4E4C-98BB-01C6237F6FE7} = {5D55A415-060A-4952-9619-3CCD3C36A6F2}
		{18E1520E-6BB2-4656-931A-587441CFCD35} = {3FEB0BA3-2E70-4296-A27C-88EB749727B2}
		{CDB67449-5DE4-4A2D-9F44-C754848DE9FD} = {3FEB0BA3-2E70-4296-A27C-88EB749727B2}
		{CD02CF04-0F7C-4E0D-A1DA-FE1A7FDF517D} = {3FEB0BA3-2E70-4296-A27C-88EB749727B2}
		{2525B0F6-590B-463C-AA93-AEB0CEBF2D95} = {3FEB0BA3-2E70-4296-A27C-88EB749727B2}
		{D752DF04-B8EA-4893-A2F7-AD85F4377376} = {2E4B76BB-7BDF-408B-8604-2B157C02914E}
		{FAD8968A-39DB-4DC6-9810-8BA60AEC3714} = {2E4B76BB-7BDF-408B-8604-2B157C02914E}
		{BE2751DB-5552-42F8-86F2-E504AC478F0C} = {2E4B76BB-7BDF-408B-8604-2B157C02914E}
		{AD64DCFA-97E6-45DF-8ABB-C2E901B46DAC} = {2E4B76BB-7BDF-408B-8604-2B157C02914E}
		{DD765D5B-2577-4958-9C70-21495E206F3F} = {1E589E7C-4FF2-4AEE-BAD9-1B1AA5DA3535}
		{1FE088AF-B060-4B3C-A783-1F63F5CD334A} = {1E589E7C-4FF2-4AEE-BAD9-1B1AA5DA3535}
		{E903D020-56AF-4249-A8A0-19B428B2608A} = {1E589E7C-4FF2-4AEE-BAD9-1B1AA5DA3535}
		{D593E071-0C1E-4C7C-A074-0F2ED9DF7B02} = {316D4FA9-95AC-4C44-976A-55C78C5FBB6E}
		{C10D1418-ADD9-4FFD-9364-0AF0227F8022} = {316D4FA9-95AC-4C44-976A-55C78C5FBB6E}
		{35F8A5D9-7878-4531-AE0E-C86DCE06B167} = {316D4FA9-95AC-4C44-976A-55C78C5FBB6E}
		{3AA822CC-D2F5-4FF0-B39B-6A8E9DB8E66D} = {316D4FA9-95AC-4C44-976A-55C78C5FBB6E}
		{71A31855-6935-409B-8005-546753B386AC} = {1CF0DEA7-E853-4C10-A7B6-4AFB5EEDB02A}
		{1461F7EB-CAD7-41F5-BB01-D26165E2831F} = {1CF0DEA7-E853-4C10-A7B6-4AFB5EEDB02A}
		{03CF799D-410F-4B22-9F38-C1F222FBC8DA} = {82D72B64-E9E3-4FE5-A32F-5735CFA5AA0B}
		{B5763107-FF11-47AE-9E56-6B3136D02BC4} = {1E684059-C7A0-4956-8878-C76CCA4B5F80}
	EndGlobalSection
	GlobalSection(ExtensibilityGlobals) = postSolution
		SolutionGuid = {6074EB23-D259-4ADF-9CE2-2089E7B73346}
	EndGlobalSection
EndGlobal
